
Microsoft Visual Studio Solution File, Format Version 12.00
# Visual Studio Version 17
VisualStudioVersion = 17.0.32014.148
MinimumVisualStudioVersion = 10.0.40219.1
Project("{FAE04EC0-301F-11D3-BF4B-00C04F79EFBC}") = "AspNetCoreWebApp", "AspNetCoreWebApp\AspNetCoreWebApp.csproj", "{D529E03A-C93B-4796-8EBB-CD8051CC1B32}"
EndProject
Global
	GlobalSection(SolutionConfigurationPlatforms) = preSolution
		Debug|Any CPU = Debug|Any CPU
		Release|Any CPU = Release|Any CPU
	EndGlobalSection
	GlobalSection(ProjectConfigurationPlatforms) = postSolution
		{D529E03A-C93B-4796-8EBB-CD8051CC1B32}.Debug|Any CPU.ActiveCfg = Debug|Any CPU
		{D529E03A-C93B-4796-8EBB-CD8051CC1B32}.Debug|Any CPU.Build.0 = Debug|Any CPU
		{D529E03A-C93B-4796-8EBB-CD8051CC1B32}.Release|Any CPU.ActiveCfg = Release|Any CPU
		{D529E03A-C93B-4796-8EBB-CD8051CC1B32}.Release|Any CPU.Build.0 = Release|Any CPU
	EndGlobalSection
	GlobalSection(SolutionProperties) = preSolution
		HideSolutionNode = FALSE
	EndGlobalSection
	GlobalSection(ExtensibilityGlobals) = postSolution
		SolutionGuid = {6784EDEA-26A7-4EC6-9A30-4812A3414182}
	EndGlobalSection
EndGlobal
